# THIS IS AN AUTOGENERATED FILE. DO NOT EDIT THIS FILE DIRECTLY.
# yarn lockfile v1


react-native-app-config@^1.0.0:
  version "1.0.0"
  resolved "https://registry.yarnpkg.com/react-native-app-config/-/react-native-app-config-1.0.0.tgz#1da359bab7970fdb5aeea85b969ecc0cef1132c8"
  integrity sha512-OvOV8ri0uRh/Gm0K2a/SAh4/q5JNZZdS8tQSRBegQDhSevbi5ugyX58qQEcfec6BRxCCVdUPZ8ngBm5UlS+ttw==
